// !$*UTF8*$!
{
	archiveVersion = 1;
	classes = {
	};
	objectVersion = 56;
	objects = {

/* Begin PBXBuildFile section */
		DD8661E62A73B6DA00F92FE1 /* AppDelegate.swift in Sources */ = {isa = PBXBuildFile; fileRef = DD8661E52A73B6DA00F92FE1 /* AppDelegate.swift */; };
		DD8661E82A73B6DA00F92FE1 /* SceneDelegate.swift in Sources */ = {isa = PBXBuildFile; fileRef = DD8661E72A73B6DA00F92FE1 /* SceneDelegate.swift */; };
		DD8661EA2A73B6DA00F92FE1 /* TabBarController.swift in Sources */ = {isa = PBXBuildFile; fileRef = DD8661E92A73B6DA00F92FE1 /* TabBarController.swift */; };
		DD8661EF2A73B6DD00F92FE1 /* Assets.xcassets in Resources */ = {isa = PBXBuildFile; fileRef = DD8661EE2A73B6DD00F92FE1 /* Assets.xcassets */; };
		DD8661F22A73B6DD00F92FE1 /* LaunchScreen.storyboard in Resources */ = {isa = PBXBuildFile; fileRef = DD8661F02A73B6DD00F92FE1 /* LaunchScreen.storyboard */; };
		DD8B791F2A7690D100BA949F /* ProductService.swift in Sources */ = {isa = PBXBuildFile; fileRef = DD8B791E2A7690D100BA949F /* ProductService.swift */; };
		DD8EFAEF2A7524F4006C3F6B /* MenuScreenVC.swift in Sources */ = {isa = PBXBuildFile; fileRef = DD8EFAEE2A7524F4006C3F6B /* MenuScreenVC.swift */; };
		DD8EFAF12A752586006C3F6B /* DetailScreenVC.swift in Sources */ = {isa = PBXBuildFile; fileRef = DD8EFAF02A752586006C3F6B /* DetailScreenVC.swift */; };
		DD8EFAF32A752631006C3F6B /* ProfileScreenVC.swift in Sources */ = {isa = PBXBuildFile; fileRef = DD8EFAF22A752631006C3F6B /* ProfileScreenVC.swift */; };
		DD8EFAF52A752677006C3F6B /* ContactsScreenVC.swift in Sources */ = {isa = PBXBuildFile; fileRef = DD8EFAF42A752677006C3F6B /* ContactsScreenVC.swift */; };
		DD8EFAF72A7526DF006C3F6B /* BasketScreenVC.swift in Sources */ = {isa = PBXBuildFile; fileRef = DD8EFAF62A7526DF006C3F6B /* BasketScreenVC.swift */; };
		DD8EFAF92A752836006C3F6B /* Product.swift in Sources */ = {isa = PBXBuildFile; fileRef = DD8EFAF82A752836006C3F6B /* Product.swift */; };
		DD8EFAFC2A7529DE006C3F6B /* MenuView.swift in Sources */ = {isa = PBXBuildFile; fileRef = DD8EFAFB2A7529DE006C3F6B /* MenuView.swift */; };
		DD8F75CF2A77E8BE007F10C1 /* GenericViewController.swift in Sources */ = {isa = PBXBuildFile; fileRef = DD8F75CE2A77E8BE007F10C1 /* GenericViewController.swift */; };
		DD8F75D22A77EA1B007F10C1 /* SnapKit in Frameworks */ = {isa = PBXBuildFile; productRef = DD8F75D12A77EA1B007F10C1 /* SnapKit */; };
		DD8F75D42A77EAAE007F10C1 /* MenuTableViewManager.swift in Sources */ = {isa = PBXBuildFile; fileRef = DD8F75D32A77EAAE007F10C1 /* MenuTableViewManager.swift */; };
		DD8F75D72A77EB35007F10C1 /* ProductTableCell.swift in Sources */ = {isa = PBXBuildFile; fileRef = DD8F75D62A77EB35007F10C1 /* ProductTableCell.swift */; };
		DD8F75D92A77EB7A007F10C1 /* BannerTableCell.swift in Sources */ = {isa = PBXBuildFile; fileRef = DD8F75D82A77EB7A007F10C1 /* BannerTableCell.swift */; };
/* End PBXBuildFile section */

/* Begin PBXFileReference section */
		DD8661E22A73B6DA00F92FE1 /* DoDoProject.app */ = {isa = PBXFileReference; explicitFileType = wrapper.application; includeInIndex = 0; path = DoDoProject.app; sourceTree = BUILT_PRODUCTS_DIR; };
		DD8661E52A73B6DA00F92FE1 /* AppDelegate.swift */ = {isa = PBXFileReference; lastKnownFileType = sourcecode.swift; path = AppDelegate.swift; sourceTree = "<group>"; };
		DD8661E72A73B6DA00F92FE1 /* SceneDelegate.swift */ = {isa = PBXFileReference; lastKnownFileType = sourcecode.swift; path = SceneDelegate.swift; sourceTree = "<group>"; };
		DD8661E92A73B6DA00F92FE1 /* TabBarController.swift */ = {isa = PBXFileReference; lastKnownFileType = sourcecode.swift; path = TabBarController.swift; sourceTree = "<group>"; };
		DD8661EE2A73B6DD00F92FE1 /* Assets.xcassets */ = {isa = PBXFileReference; lastKnownFileType = folder.assetcatalog; path = Assets.xcassets; sourceTree = "<group>"; };
		DD8661F12A73B6DD00F92FE1 /* Base */ = {isa = PBXFileReference; lastKnownFileType = file.storyboard; name = Base; path = Base.lproj/LaunchScreen.storyboard; sourceTree = "<group>"; };
		DD8661F32A73B6DD00F92FE1 /* Info.plist */ = {isa = PBXFileReference; lastKnownFileType = text.plist.xml; path = Info.plist; sourceTree = "<group>"; };
		DD8B791E2A7690D100BA949F /* ProductService.swift */ = {isa = PBXFileReference; lastKnownFileType = sourcecode.swift; path = ProductService.swift; sourceTree = "<group>"; };
		DD8EFAEE2A7524F4006C3F6B /* MenuScreenVC.swift */ = {isa = PBXFileReference; lastKnownFileType = sourcecode.swift; path = MenuScreenVC.swift; sourceTree = "<group>"; };
		DD8EFAF02A752586006C3F6B /* DetailScreenVC.swift */ = {isa = PBXFileReference; lastKnownFileType = sourcecode.swift; path = DetailScreenVC.swift; sourceTree = "<group>"; };
		DD8EFAF22A752631006C3F6B /* ProfileScreenVC.swift */ = {isa = PBXFileReference; lastKnownFileType = sourcecode.swift; path = ProfileScreenVC.swift; sourceTree = "<group>"; };
		DD8EFAF42A752677006C3F6B /* ContactsScreenVC.swift */ = {isa = PBXFileReference; lastKnownFileType = sourcecode.swift; path = ContactsScreenVC.swift; sourceTree = "<group>"; };
		DD8EFAF62A7526DF006C3F6B /* BasketScreenVC.swift */ = {isa = PBXFileReference; lastKnownFileType = sourcecode.swift; path = BasketScreenVC.swift; sourceTree = "<group>"; };
		DD8EFAF82A752836006C3F6B /* Product.swift */ = {isa = PBXFileReference; lastKnownFileType = sourcecode.swift; path = Product.swift; sourceTree = "<group>"; };
		DD8EFAFB2A7529DE006C3F6B /* MenuView.swift */ = {isa = PBXFileReference; lastKnownFileType = sourcecode.swift; path = MenuView.swift; sourceTree = "<group>"; };
		DD8F75CE2A77E8BE007F10C1 /* GenericViewController.swift */ = {isa = PBXFileReference; lastKnownFileType = sourcecode.swift; path = GenericViewController.swift; sourceTree = "<group>"; };
		DD8F75D32A77EAAE007F10C1 /* MenuTableViewManager.swift */ = {isa = PBXFileReference; lastKnownFileType = sourcecode.swift; path = MenuTableViewManager.swift; sourceTree = "<group>"; };
		DD8F75D62A77EB35007F10C1 /* ProductTableCell.swift */ = {isa = PBXFileReference; lastKnownFileType = sourcecode.swift; path = ProductTableCell.swift; sourceTree = "<group>"; };
		DD8F75D82A77EB7A007F10C1 /* BannerTableCell.swift */ = {isa = PBXFileReference; lastKnownFileType = sourcecode.swift; path = BannerTableCell.swift; sourceTree = "<group>"; };
/* End PBXFileReference section */

/* Begin PBXFrameworksBuildPhase section */
		DD8661DF2A73B6DA00F92FE1 /* Frameworks */ = {
			isa = PBXFrameworksBuildPhase;
			buildActionMask = 2147483647;
			files = (
				DD8F75D22A77EA1B007F10C1 /* SnapKit in Frameworks */,
			);
			runOnlyForDeploymentPostprocessing = 0;
		};
/* End PBXFrameworksBuildPhase section */

/* Begin PBXGroup section */
		DD8661D92A73B6DA00F92FE1 = {
			isa = PBXGroup;
			children = (
				DD8661E42A73B6DA00F92FE1 /* DoDoProject */,
				DD8661E32A73B6DA00F92FE1 /* Products */,
			);
			sourceTree = "<group>";
		};
		DD8661E32A73B6DA00F92FE1 /* Products */ = {
			isa = PBXGroup;
			children = (
				DD8661E22A73B6DA00F92FE1 /* DoDoProject.app */,
			);
			name = Products;
			sourceTree = "<group>";
		};
		DD8661E42A73B6DA00F92FE1 /* DoDoProject */ = {
			isa = PBXGroup;
			children = (
				DD8661F92A73BFA100F92FE1 /* App */,
				DD8661FA2A73BFBD00F92FE1 /* Screens */,
				DD8662002A73C03F00F92FE1 /* Models */,
				DD8662012A73C04D00F92FE1 /* Services */,
				DD8662022A73C06C00F92FE1 /* Extensions */,
				DD8662032A73C08200F92FE1 /* Resources */,
			);
			path = DoDoProject;
			sourceTree = "<group>";
		};
		DD8661F92A73BFA100F92FE1 /* App */ = {
			isa = PBXGroup;
			children = (
				DD8661E52A73B6DA00F92FE1 /* AppDelegate.swift */,
				DD8661E72A73B6DA00F92FE1 /* SceneDelegate.swift */,
			);
			path = App;
			sourceTree = "<group>";
		};
		DD8661FA2A73BFBD00F92FE1 /* Screens */ = {
			isa = PBXGroup;
			children = (
				DD8661E92A73B6DA00F92FE1 /* TabBarController.swift */,
				DD8661FB2A73BFDD00F92FE1 /* Menu */,
				DD8661FF2A73C02C00F92FE1 /* Detail */,
				DD8661FC2A73BFE200F92FE1 /* Profile */,
				DD8661FD2A73BFF400F92FE1 /* Contacts */,
				DD8661FE2A73C00000F92FE1 /* Basket */,
			);
			path = Screens;
			sourceTree = "<group>";
		};
		DD8661FB2A73BFDD00F92FE1 /* Menu */ = {
			isa = PBXGroup;
			children = (
				DD8EFAEE2A7524F4006C3F6B /* MenuScreenVC.swift */,
				DD8EFAFA2A7529D5006C3F6B /* View */,
				DD8F75D52A77EB1F007F10C1 /* Cells */,
			);
			path = Menu;
			sourceTree = "<group>";
		};
		DD8661FC2A73BFE200F92FE1 /* Profile */ = {
			isa = PBXGroup;
			children = (
				DD8EFAF22A752631006C3F6B /* ProfileScreenVC.swift */,
			);
			path = Profile;
			sourceTree = "<group>";
		};
		DD8661FD2A73BFF400F92FE1 /* Contacts */ = {
			isa = PBXGroup;
			children = (
				DD8EFAF42A752677006C3F6B /* ContactsScreenVC.swift */,
			);
			path = Contacts;
			sourceTree = "<group>";
		};
		DD8661FE2A73C00000F92FE1 /* Basket */ = {
			isa = PBXGroup;
			children = (
				DD8EFAF62A7526DF006C3F6B /* BasketScreenVC.swift */,
			);
			path = Basket;
			sourceTree = "<group>";
		};
		DD8661FF2A73C02C00F92FE1 /* Detail */ = {
			isa = PBXGroup;
			children = (
				DD8EFAF02A752586006C3F6B /* DetailScreenVC.swift */,
			);
			path = Detail;
			sourceTree = "<group>";
		};
		DD8662002A73C03F00F92FE1 /* Models */ = {
			isa = PBXGroup;
			children = (
				DD8EFAF82A752836006C3F6B /* Product.swift */,
			);
			path = Models;
			sourceTree = "<group>";
		};
		DD8662012A73C04D00F92FE1 /* Services */ = {
			isa = PBXGroup;
			children = (
				DD8B791E2A7690D100BA949F /* ProductService.swift */,
			);
			path = Services;
			sourceTree = "<group>";
		};
		DD8662022A73C06C00F92FE1 /* Extensions */ = {
			isa = PBXGroup;
			children = (
			);
			path = Extensions;
			sourceTree = "<group>";
		};
		DD8662032A73C08200F92FE1 /* Resources */ = {
			isa = PBXGroup;
			children = (
				DD8662042A73C0C400F92FE1 /* Helpers */,
				DD8661F32A73B6DD00F92FE1 /* Info.plist */,
				DD8661F02A73B6DD00F92FE1 /* LaunchScreen.storyboard */,
				DD8661EE2A73B6DD00F92FE1 /* Assets.xcassets */,
			);
			path = Resources;
			sourceTree = "<group>";
		};
		DD8662042A73C0C400F92FE1 /* Helpers */ = {
			isa = PBXGroup;
			children = (
				DD8F75CE2A77E8BE007F10C1 /* GenericViewController.swift */,
			);
			path = Helpers;
			sourceTree = "<group>";
		};
		DD8EFAFA2A7529D5006C3F6B /* View */ = {
			isa = PBXGroup;
			children = (
				DD8EFAFB2A7529DE006C3F6B /* MenuView.swift */,
				DD8F75D32A77EAAE007F10C1 /* MenuTableViewManager.swift */,
			);
			path = View;
			sourceTree = "<group>";
		};
		DD8F75D52A77EB1F007F10C1 /* Cells */ = {
			isa = PBXGroup;
			children = (
				DD8F75D62A77EB35007F10C1 /* ProductTableCell.swift */,
				DD8F75D82A77EB7A007F10C1 /* BannerTableCell.swift */,
			);
			path = Cells;
			sourceTree = "<group>";
		};
/* End PBXGroup section */

/* Begin PBXNativeTarget section */
		DD8661E12A73B6DA00F92FE1 /* DoDoProject */ = {
			isa = PBXNativeTarget;
			buildConfigurationList = DD8661F62A73B6DD00F92FE1 /* Build configuration list for PBXNativeTarget "DoDoProject" */;
			buildPhases = (
				DD8661DE2A73B6DA00F92FE1 /* Sources */,
				DD8661DF2A73B6DA00F92FE1 /* Frameworks */,
				DD8661E02A73B6DA00F92FE1 /* Resources */,
			);
			buildRules = (
			);
			dependencies = (
			);
			name = DoDoProject;
			packageProductDependencies = (
				DD8F75D12A77EA1B007F10C1 /* SnapKit */,
			);
			productName = DoDoProject;
			productReference = DD8661E22A73B6DA00F92FE1 /* DoDoProject.app */;
			productType = "com.apple.product-type.application";
		};
/* End PBXNativeTarget section */

/* Begin PBXProject section */
		DD8661DA2A73B6DA00F92FE1 /* Project object */ = {
			isa = PBXProject;
			attributes = {
				BuildIndependentTargetsInParallel = 1;
				LastSwiftUpdateCheck = 1420;
				LastUpgradeCheck = 1420;
				TargetAttributes = {
					DD8661E12A73B6DA00F92FE1 = {
						CreatedOnToolsVersion = 14.2;
					};
				};
			};
			buildConfigurationList = DD8661DD2A73B6DA00F92FE1 /* Build configuration list for PBXProject "DoDoProject" */;
			compatibilityVersion = "Xcode 14.0";
			developmentRegion = en;
			hasScannedForEncodings = 0;
			knownRegions = (
				en,
				Base,
			);
			mainGroup = DD8661D92A73B6DA00F92FE1;
			packageReferences = (
				DD8F75D02A77EA1B007F10C1 /* XCRemoteSwiftPackageReference "SnapKit" */,
			);
			productRefGroup = DD8661E32A73B6DA00F92FE1 /* Products */;
			projectDirPath = "";
			projectRoot = "";
			targets = (
				DD8661E12A73B6DA00F92FE1 /* DoDoProject */,
			);
		};
/* End PBXProject section */

/* Begin PBXResourcesBuildPhase section */
		DD8661E02A73B6DA00F92FE1 /* Resources */ = {
			isa = PBXResourcesBuildPhase;
			buildActionMask = 2147483647;
			files = (
				DD8661F22A73B6DD00F92FE1 /* LaunchScreen.storyboard in Resources */,
				DD8661EF2A73B6DD00F92FE1 /* Assets.xcassets in Resources */,
			);
			runOnlyForDeploymentPostprocessing = 0;
		};
/* End PBXResourcesBuildPhase section */

/* Begin PBXSourcesBuildPhase section */
		DD8661DE2A73B6DA00F92FE1 /* Sources */ = {
			isa = PBXSourcesBuildPhase;
			buildActionMask = 2147483647;
			files = (
				DD8661EA2A73B6DA00F92FE1 /* TabBarController.swift in Sources */,
				DD8F75D42A77EAAE007F10C1 /* MenuTableViewManager.swift in Sources */,
				DD8EFAF12A752586006C3F6B /* DetailScreenVC.swift in Sources */,
				DD8EFAF92A752836006C3F6B /* Product.swift in Sources */,
				DD8EFAF72A7526DF006C3F6B /* BasketScreenVC.swift in Sources */,
				DD8661E62A73B6DA00F92FE1 /* AppDelegate.swift in Sources */,
				DD8EFAFC2A7529DE006C3F6B /* MenuView.swift in Sources */,
				DD8F75CF2A77E8BE007F10C1 /* GenericViewController.swift in Sources */,
				DD8F75D72A77EB35007F10C1 /* ProductTableCell.swift in Sources */,
				DD8EFAF52A752677006C3F6B /* ContactsScreenVC.swift in Sources */,
				DD8661E82A73B6DA00F92FE1 /* SceneDelegate.swift in Sources */,
				DD8B791F2A7690D100BA949F /* ProductService.swift in Sources */,
				DD8F75D92A77EB7A007F10C1 /* BannerTableCell.swift in Sources */,
				DD8EFAF32A752631006C3F6B /* ProfileScreenVC.swift in Sources */,
				DD8EFAEF2A7524F4006C3F6B /* MenuScreenVC.swift in Sources */,
			);
			runOnlyForDeploymentPostprocessing = 0;
		};
/* End PBXSourcesBuildPhase section */

/* Begin PBXVariantGroup section */
		DD8661F02A73B6DD00F92FE1 /* LaunchScreen.storyboard */ = {
			isa = PBXVariantGroup;
			children = (
				DD8661F12A73B6DD00F92FE1 /* Base */,
			);
			name = LaunchScreen.storyboard;
			sourceTree = "<group>";
		};
/* End PBXVariantGroup section */

/* Begin XCBuildConfiguration section */
		DD8661F42A73B6DD00F92FE1 /* Debug */ = {
			isa = XCBuildConfiguration;
			buildSettings = {
				ALWAYS_SEARCH_USER_PATHS = NO;
				CLANG_ANALYZER_NONNULL = YES;
				CLANG_ANALYZER_NUMBER_OBJECT_CONVERSION = YES_AGGRESSIVE;
				CLANG_CXX_LANGUAGE_STANDARD = "gnu++20";
				CLANG_ENABLE_MODULES = YES;
				CLANG_ENABLE_OBJC_ARC = YES;
				CLANG_ENABLE_OBJC_WEAK = YES;
				CLANG_WARN_BLOCK_CAPTURE_AUTORELEASING = YES;
				CLANG_WARN_BOOL_CONVERSION = YES;
				CLANG_WARN_COMMA = YES;
				CLANG_WARN_CONSTANT_CONVERSION = YES;
				CLANG_WARN_DEPRECATED_OBJC_IMPLEMENTATIONS = YES;
				CLANG_WARN_DIRECT_OBJC_ISA_USAGE = YES_ERROR;
				CLANG_WARN_DOCUMENTATION_COMMENTS = YES;
				CLANG_WARN_EMPTY_BODY = YES;
				CLANG_WARN_ENUM_CONVERSION = YES;
				CLANG_WARN_INFINITE_RECURSION = YES;
				CLANG_WARN_INT_CONVERSION = YES;
				CLANG_WARN_NON_LITERAL_NULL_CONVERSION = YES;
				CLANG_WARN_OBJC_IMPLICIT_RETAIN_SELF = YES;
				CLANG_WARN_OBJC_LITERAL_CONVERSION = YES;
				CLANG_WARN_OBJC_ROOT_CLASS = YES_ERROR;
				CLANG_WARN_QUOTED_INCLUDE_IN_FRAMEWORK_HEADER = YES;
				CLANG_WARN_RANGE_LOOP_ANALYSIS = YES;
				CLANG_WARN_STRICT_PROTOTYPES = YES;
				CLANG_WARN_SUSPICIOUS_MOVE = YES;
				CLANG_WARN_UNGUARDED_AVAILABILITY = YES_AGGRESSIVE;
				CLANG_WARN_UNREACHABLE_CODE = YES;
				CLANG_WARN__DUPLICATE_METHOD_MATCH = YES;
				COPY_PHASE_STRIP = NO;
				DEBUG_INFORMATION_FORMAT = dwarf;
				ENABLE_STRICT_OBJC_MSGSEND = YES;
				ENABLE_TESTABILITY = YES;
				GCC_C_LANGUAGE_STANDARD = gnu11;
				GCC_DYNAMIC_NO_PIC = NO;
				GCC_NO_COMMON_BLOCKS = YES;
				GCC_OPTIMIZATION_LEVEL = 0;
				GCC_PREPROCESSOR_DEFINITIONS = (
					"DEBUG=1",
					"$(inherited)",
				);
				GCC_WARN_64_TO_32_BIT_CONVERSION = YES;
				GCC_WARN_ABOUT_RETURN_TYPE = YES_ERROR;
				GCC_WARN_UNDECLARED_SELECTOR = YES;
				GCC_WARN_UNINITIALIZED_AUTOS = YES_AGGRESSIVE;
				GCC_WARN_UNUSED_FUNCTION = YES;
				GCC_WARN_UNUSED_VARIABLE = YES;
				IPHONEOS_DEPLOYMENT_TARGET = 13.0;
				MTL_ENABLE_DEBUG_INFO = INCLUDE_SOURCE;
				MTL_FAST_MATH = YES;
				ONLY_ACTIVE_ARCH = YES;
				SDKROOT = iphoneos;
				SWIFT_ACTIVE_COMPILATION_CONDITIONS = DEBUG;
				SWIFT_OPTIMIZATION_LEVEL = "-Onone";
			};
			name = Debug;
		};
		DD8661F52A73B6DD00F92FE1 /* Release */ = {
			isa = XCBuildConfiguration;
			buildSettings = {
				ALWAYS_SEARCH_USER_PATHS = NO;
				CLANG_ANALYZER_NONNULL = YES;
				CLANG_ANALYZER_NUMBER_OBJECT_CONVERSION = YES_AGGRESSIVE;
				CLANG_CXX_LANGUAGE_STANDARD = "gnu++20";
				CLANG_ENABLE_MODULES = YES;
				CLANG_ENABLE_OBJC_ARC = YES;
				CLANG_ENABLE_OBJC_WEAK = YES;
				CLANG_WARN_BLOCK_CAPTURE_AUTORELEASING = YES;
				CLANG_WARN_BOOL_CONVERSION = YES;
				CLANG_WARN_COMMA = YES;
				CLANG_WARN_CONSTANT_CONVERSION = YES;
				CLANG_WARN_DEPRECATED_OBJC_IMPLEMENTATIONS = YES;
				CLANG_WARN_DIRECT_OBJC_ISA_USAGE = YES_ERROR;
				CLANG_WARN_DOCUMENTATION_COMMENTS = YES;
				CLANG_WARN_EMPTY_BODY = YES;
				CLANG_WARN_ENUM_CONVERSION = YES;
				CLANG_WARN_INFINITE_RECURSION = YES;
				CLANG_WARN_INT_CONVERSION = YES;
				CLANG_WARN_NON_LITERAL_NULL_CONVERSION = YES;
				CLANG_WARN_OBJC_IMPLICIT_RETAIN_SELF = YES;
				CLANG_WARN_OBJC_LITERAL_CONVERSION = YES;
				CLANG_WARN_OBJC_ROOT_CLASS = YES_ERROR;
				CLANG_WARN_QUOTED_INCLUDE_IN_FRAMEWORK_HEADER = YES;
				CLANG_WARN_RANGE_LOOP_ANALYSIS = YES;
				CLANG_WARN_STRICT_PROTOTYPES = YES;
				CLANG_WARN_SUSPICIOUS_MOVE = YES;
				CLANG_WARN_UNGUARDED_AVAILABILITY = YES_AGGRESSIVE;
				CLANG_WARN_UNREACHABLE_CODE = YES;
				CLANG_WARN__DUPLICATE_METHOD_MATCH = YES;
				COPY_PHASE_STRIP = NO;
				DEBUG_INFORMATION_FORMAT = "dwarf-with-dsym";
				ENABLE_NS_ASSERTIONS = NO;
				ENABLE_STRICT_OBJC_MSGSEND = YES;
				GCC_C_LANGUAGE_STANDARD = gnu11;
				GCC_NO_COMMON_BLOCKS = YES;
				GCC_WARN_64_TO_32_BIT_CONVERSION = YES;
				GCC_WARN_ABOUT_RETURN_TYPE = YES_ERROR;
				GCC_WARN_UNDECLARED_SELECTOR = YES;
				GCC_WARN_UNINITIALIZED_AUTOS = YES_AGGRESSIVE;
				GCC_WARN_UNUSED_FUNCTION = YES;
				GCC_WARN_UNUSED_VARIABLE = YES;
				IPHONEOS_DEPLOYMENT_TARGET = 13.0;
				MTL_ENABLE_DEBUG_INFO = NO;
				MTL_FAST_MATH = YES;
				SDKROOT = iphoneos;
				SWIFT_COMPILATION_MODE = wholemodule;
				SWIFT_OPTIMIZATION_LEVEL = "-O";
				VALIDATE_PRODUCT = YES;
			};
			name = Release;
		};
		DD8661F72A73B6DD00F92FE1 /* Debug */ = {
			isa = XCBuildConfiguration;
			buildSettings = {
				ASSETCATALOG_COMPILER_APPICON_NAME = AppIcon;
				ASSETCATALOG_COMPILER_GLOBAL_ACCENT_COLOR_NAME = AccentColor;
				CODE_SIGN_STYLE = Automatic;
				CURRENT_PROJECT_VERSION = 1;
				DEVELOPMENT_TEAM = 7YW3V66545;
				GENERATE_INFOPLIST_FILE = YES;
				INFOPLIST_FILE = DoDoProject/Resources/Info.plist;
				INFOPLIST_KEY_UIApplicationSupportsIndirectInputEvents = YES;
				INFOPLIST_KEY_UILaunchStoryboardName = LaunchScreen;
				INFOPLIST_KEY_UIMainStoryboardFile = Main;
				INFOPLIST_KEY_UISupportedInterfaceOrientations = UIInterfaceOrientationPortrait;
				INFOPLIST_KEY_UISupportedInterfaceOrientations_iPad = "UIInterfaceOrientationLandscapeLeft UIInterfaceOrientationLandscapeRight UIInterfaceOrientationPortrait UIInterfaceOrientationPortraitUpsideDown";
				IPHONEOS_DEPLOYMENT_TARGET = 13.0;
				LD_RUNPATH_SEARCH_PATHS = (
					"$(inherited)",
					"@executable_path/Frameworks",
				);
				MARKETING_VERSION = 1.0;
				PRODUCT_BUNDLE_IDENTIFIER = Hieronius.DoDoProject;
				PRODUCT_NAME = "$(TARGET_NAME)";
				SUPPORTED_PLATFORMS = "iphoneos iphonesimulator";
				SUPPORTS_MACCATALYST = NO;
				SUPPORTS_MAC_DESIGNED_FOR_IPHONE_IPAD = NO;
				SWIFT_EMIT_LOC_STRINGS = YES;
				SWIFT_VERSION = 5.0;
				TARGETED_DEVICE_FAMILY = 1;
			};
			name = Debug;
		};
		DD8661F82A73B6DD00F92FE1 /* Release */ = {
			isa = XCBuildConfiguration;
			buildSettings = {
				ASSETCATALOG_COMPILER_APPICON_NAME = AppIcon;
				ASSETCATALOG_COMPILER_GLOBAL_ACCENT_COLOR_NAME = AccentColor;
				CODE_SIGN_STYLE = Automatic;
				CURRENT_PROJECT_VERSION = 1;
				DEVELOPMENT_TEAM = 7YW3V66545;
				GENERATE_INFOPLIST_FILE = YES;
				INFOPLIST_FILE = DoDoProject/Resources/Info.plist;
				INFOPLIST_KEY_UIApplicationSupportsIndirectInputEvents = YES;
				INFOPLIST_KEY_UILaunchStoryboardName = LaunchScreen;
				INFOPLIST_KEY_UIMainStoryboardFile = Main;
				INFOPLIST_KEY_UISupportedInterfaceOrientations = UIInterfaceOrientationPortrait;
				INFOPLIST_KEY_UISupportedInterfaceOrientations_iPad = "UIInterfaceOrientationLandscapeLeft UIInterfaceOrientationLandscapeRight UIInterfaceOrientationPortrait UIInterfaceOrientationPortraitUpsideDown";
				IPHONEOS_DEPLOYMENT_TARGET = 13.0;
				LD_RUNPATH_SEARCH_PATHS = (
					"$(inherited)",
					"@executable_path/Frameworks",
				);
				MARKETING_VERSION = 1.0;
				PRODUCT_BUNDLE_IDENTIFIER = Hieronius.DoDoProject;
				PRODUCT_NAME = "$(TARGET_NAME)";
				SUPPORTED_PLATFORMS = "iphoneos iphonesimulator";
				SUPPORTS_MACCATALYST = NO;
				SUPPORTS_MAC_DESIGNED_FOR_IPHONE_IPAD = NO;
				SWIFT_EMIT_LOC_STRINGS = YES;
				SWIFT_VERSION = 5.0;
				TARGETED_DEVICE_FAMILY = 1;
			};
			name = Release;
		};
/* End XCBuildConfiguration section */

/* Begin XCConfigurationList section */
		DD8661DD2A73B6DA00F92FE1 /* Build configuration list for PBXProject "DoDoProject" */ = {
			isa = XCConfigurationList;
			buildConfigurations = (
				DD8661F42A73B6DD00F92FE1 /* Debug */,
				DD8661F52A73B6DD00F92FE1 /* Release */,
			);
			defaultConfigurationIsVisible = 0;
			defaultConfigurationName = Release;
		};
		DD8661F62A73B6DD00F92FE1 /* Build configuration list for PBXNativeTarget "DoDoProject" */ = {
			isa = XCConfigurationList;
			buildConfigurations = (
				DD8661F72A73B6DD00F92FE1 /* Debug */,
				DD8661F82A73B6DD00F92FE1 /* Release */,
			);
			defaultConfigurationIsVisible = 0;
			defaultConfigurationName = Release;
		};
/* End XCConfigurationList section */

/* Begin XCRemoteSwiftPackageReference section */
		DD8F75D02A77EA1B007F10C1 /* XCRemoteSwiftPackageReference "SnapKit" */ = {
			isa = XCRemoteSwiftPackageReference;
			repositoryURL = "https://github.com/SnapKit/SnapKit.git";
			requirement = {
				branch = develop;
				kind = branch;
			};
		};
/* End XCRemoteSwiftPackageReference section */

/* Begin XCSwiftPackageProductDependency section */
		DD8F75D12A77EA1B007F10C1 /* SnapKit */ = {
			isa = XCSwiftPackageProductDependency;
			package = DD8F75D02A77EA1B007F10C1 /* XCRemoteSwiftPackageReference "SnapKit" */;
			productName = SnapKit;
		};
/* End XCSwiftPackageProductDependency section */
	};
	rootObject = DD8661DA2A73B6DA00F92FE1 /* Project object */;
}
